
Microsoft Visual Studio Solution File, Format Version 12.00
# Visual Studio Version 17
VisualStudioVersion = 17.2.32616.157
MinimumVisualStudioVersion = 10.0.40219.1
Project("{FAE04EC0-301F-11D3-BF4B-00C04F79EFBC}") = "RailroadStationVisualizer.App", "RailroadStationVisualizer.App\RailroadStationVisualizer.App.csproj", "{34120592-865B-4CA6-AF77-4AA50816915F}"
EndProject
Project("{FAE04EC0-301F-11D3-BF4B-00C04F79EFBC}") = "RailroadStationVisualizer.UI", "RailroadStationVisualizer.UI\RailroadStationVisualizer.UI.csproj", "{A9C0951C-F05D-4F61-9367-24122032AC6E}"
EndProject
Project("{FAE04EC0-301F-11D3-BF4B-00C04F79EFBC}") = "RailroadStationVisualizer.Model", "RailroadStationVisualizer.Model\RailroadStationVisualizer.Model.csproj", "{7C7E1CE4-4704-4F08-A2B9-28B4F9078CA5}"
EndProject
Global
	GlobalSection(SolutionConfigurationPlatforms) = preSolution
		Debug|Any CPU = Debug|Any CPU
		Release|Any CPU = Release|Any CPU
	EndGlobalSection
	GlobalSection(ProjectConfigurationPlatforms) = postSolution
		{34120592-865B-4CA6-AF77-4AA50816915F}.Debug|Any CPU.ActiveCfg = Debug|Any CPU
		{34120592-865B-4CA6-AF77-4AA50816915F}.Debug|Any CPU.Build.0 = Debug|Any CPU
		{34120592-865B-4CA6-AF77-4AA50816915F}.Release|Any CPU.ActiveCfg = Release|Any CPU
		{34120592-865B-4CA6-AF77-4AA50816915F}.Release|Any CPU.Build.0 = Release|Any CPU
		{A9C0951C-F05D-4F61-9367-24122032AC6E}.Debug|Any CPU.ActiveCfg = Debug|Any CPU
		{A9C0951C-F05D-4F61-9367-24122032AC6E}.Debug|Any CPU.Build.0 = Debug|Any CPU
		{A9C0951C-F05D-4F61-9367-24122032AC6E}.Release|Any CPU.ActiveCfg = Release|Any CPU
		{A9C0951C-F05D-4F61-9367-24122032AC6E}.Release|Any CPU.Build.0 = Release|Any CPU
		{7C7E1CE4-4704-4F08-A2B9-28B4F9078CA5}.Debug|Any CPU.ActiveCfg = Debug|Any CPU
		{7C7E1CE4-4704-4F08-A2B9-28B4F9078CA5}.Debug|Any CPU.Build.0 = Debug|Any CPU
		{7C7E1CE4-4704-4F08-A2B9-28B4F9078CA5}.Release|Any CPU.ActiveCfg = Release|Any CPU
		{7C7E1CE4-4704-4F08-A2B9-28B4F9078CA5}.Release|Any CPU.Build.0 = Release|Any CPU
	EndGlobalSection
	GlobalSection(SolutionProperties) = preSolution
		HideSolutionNode = FALSE
	EndGlobalSection
	GlobalSection(ExtensibilityGlobals) = postSolution
		SolutionGuid = {2CC525BF-F1E6-4CB5-B2C3-0B713337CE2A}
	EndGlobalSection
EndGlobal
